
Microsoft Visual Studio Solution File, Format Version 12.00
# Visual Studio Version 17
VisualStudioVersion = 17.7.34024.191
MinimumVisualStudioVersion = 10.0.40219.1
Project("{FAE04EC0-301F-11D3-BF4B-00C04F79EFBC}") = "HW13", "HW13\HW13.csproj", "{E554D65D-9F22-40A2-8CD5-C62978F28F6E}"
EndProject
Global
	GlobalSection(SolutionConfigurationPlatforms) = preSolution
		Debug|Any CPU = Debug|Any CPU
		Release|Any CPU = Release|Any CPU
	EndGlobalSection
	GlobalSection(ProjectConfigurationPlatforms) = postSolution
		{E554D65D-9F22-40A2-8CD5-C62978F28F6E}.Debug|Any CPU.ActiveCfg = Debug|Any CPU
		{E554D65D-9F22-40A2-8CD5-C62978F28F6E}.Debug|Any CPU.Build.0 = Debug|Any CPU
		{E554D65D-9F22-40A2-8CD5-C62978F28F6E}.Release|Any CPU.ActiveCfg = Release|Any CPU
		{E554D65D-9F22-40A2-8CD5-C62978F28F6E}.Release|Any CPU.Build.0 = Release|Any CPU
	EndGlobalSection
	GlobalSection(SolutionProperties) = preSolution
		HideSolutionNode = FALSE
	EndGlobalSection
	GlobalSection(ExtensibilityGlobals) = postSolution
		SolutionGuid = {3E347C44-5957-45A4-8E23-D3DB658B2F49}
	EndGlobalSection
EndGlobal
